
Microsoft Visual Studio Solution File, Format Version 12.00
# Visual Studio Version 17
VisualStudioVersion = 17.11.35431.28
MinimumVisualStudioVersion = 10.0.40219.1
Project("{FAE04EC0-301F-11D3-BF4B-00C04F79EFBC}") = "BookManager.API", "BookManager.API\BookManager.API.csproj", "{EA90C116-9AC2-4299-9C35-E316ADB42FA6}"
EndProject
Project("{FAE04EC0-301F-11D3-BF4B-00C04F79EFBC}") = "BookManager.Core", "BookManager.Core\BookManager.Core.csproj", "{139DC58C-291E-4602-BD60-2B87C18DA52D}"
EndProject
Global
	GlobalSection(SolutionConfigurationPlatforms) = preSolution
		Debug|Any CPU = Debug|Any CPU
		Release|Any CPU = Release|Any CPU
	EndGlobalSection
	GlobalSection(ProjectConfigurationPlatforms) = postSolution
		{EA90C116-9AC2-4299-9C35-E316ADB42FA6}.Debug|Any CPU.ActiveCfg = Debug|Any CPU
		{EA90C116-9AC2-4299-9C35-E316ADB42FA6}.Debug|Any CPU.Build.0 = Debug|Any CPU
		{EA90C116-9AC2-4299-9C35-E316ADB42FA6}.Release|Any CPU.ActiveCfg = Release|Any CPU
		{EA90C116-9AC2-4299-9C35-E316ADB42FA6}.Release|Any CPU.Build.0 = Release|Any CPU
		{139DC58C-291E-4602-BD60-2B87C18DA52D}.Debug|Any CPU.ActiveCfg = Debug|Any CPU
		{139DC58C-291E-4602-BD60-2B87C18DA52D}.Debug|Any CPU.Build.0 = Debug|Any CPU
		{139DC58C-291E-4602-BD60-2B87C18DA52D}.Release|Any CPU.ActiveCfg = Release|Any CPU
		{139DC58C-291E-4602-BD60-2B87C18DA52D}.Release|Any CPU.Build.0 = Release|Any CPU
	EndGlobalSection
	GlobalSection(SolutionProperties) = preSolution
		HideSolutionNode = FALSE
	EndGlobalSection
	GlobalSection(ExtensibilityGlobals) = postSolution
		SolutionGuid = {79B33A7C-E9C6-4FE0-8597-2C4B3692F635}
	EndGlobalSection
EndGlobal
